git.scraperwall.com/scw/ip v0.0.0-20181127150108-80dbbe18947e h1:TJIzDykAwl9XbHGRGIp2gSKmUgCzhAcQDeEjXGSCblE=
git.scraperwall.com/scw/ip v0.0.0-20181127150108-80dbbe18947e/go.mod h1:VWpgAIAUfNlojwRfuTrv2xh4EHYHSO0jV5CKEJyktrg=
github.com/google/btree v1.0.0 h1:0udJVsspx3VBr5FwtLhQQtuAsVc79tTq0ocGIPAU6qo=
github.com/google/btree v1.0.0/go.mod h1:lNA+9X1NB3Zf8V7Ke586lFgjr2dZNuvo3lPJSGZ5JPQ=
